// !$*UTF8*$!
{
	archiveVersion = 1;
	classes = {
	};
	objectVersion = 77;
	objects = {

/* Begin PBXBuildFile section */
		C04252842D261A5F00DB0BD7 /* User.swift in Sources */ = {isa = PBXBuildFile; fileRef = C04252832D261A5F00DB0BD7 /* User.swift */; };
		C0D1DA152D25FF1600F944F0 /* APButton.swift in Sources */ = {isa = PBXBuildFile; fileRef = C0D1DA142D25FF1600F944F0 /* APButton.swift */; };
		C0D1DA172D25FFF500F944F0 /* XDismissButton.swift in Sources */ = {isa = PBXBuildFile; fileRef = C0D1DA162D25FFF500F944F0 /* XDismissButton.swift */; };
		C0D1DA192D260A4C00F944F0 /* AccountViewModel.swift in Sources */ = {isa = PBXBuildFile; fileRef = C0D1DA182D260A4C00F944F0 /* AccountViewModel.swift */; };
		C0D1DA1B2D260BA900F944F0 /* String+Ext.swift in Sources */ = {isa = PBXBuildFile; fileRef = C0D1DA1A2D260BA900F944F0 /* String+Ext.swift */; };
		C0D91FDF2D24CA1400831ACE /* Preview Assets.xcassets in Resources */ = {isa = PBXBuildFile; fileRef = C0D91FCD2D24CA1400831ACE /* Preview Assets.xcassets */; };
		C0D91FE02D24CA1400831ACE /* Assets.xcassets in Resources */ = {isa = PBXBuildFile; fileRef = C0D91FD82D24CA1400831ACE /* Assets.xcassets */; };
		C0D91FE12D24CA1400831ACE /* Alert.swift in Sources */ = {isa = PBXBuildFile; fileRef = C0D91FCF2D24CA1400831ACE /* Alert.swift */; };
		C0D91FE22D24CA1400831ACE /* APError.swift in Sources */ = {isa = PBXBuildFile; fileRef = C0D91FD02D24CA1400831ACE /* APError.swift */; };
		C0D91FE32D24CA1400831ACE /* Apetizer.swift in Sources */ = {isa = PBXBuildFile; fileRef = C0D91FD12D24CA1400831ACE /* Apetizer.swift */; };
		C0D91FE42D24CA1400831ACE /* ApetizerAccountView.swift in Sources */ = {isa = PBXBuildFile; fileRef = C0D91FD22D24CA1400831ACE /* ApetizerAccountView.swift */; };
		C0D91FE52D24CA1400831ACE /* ApetizerListCell.swift in Sources */ = {isa = PBXBuildFile; fileRef = C0D91FD32D24CA1400831ACE /* ApetizerListCell.swift */; };
		C0D91FE62D24CA1400831ACE /* ApetizerListView.swift in Sources */ = {isa = PBXBuildFile; fileRef = C0D91FD42D24CA1400831ACE /* ApetizerListView.swift */; };
		C0D91FE72D24CA1400831ACE /* ApetizerListViewModel.swift in Sources */ = {isa = PBXBuildFile; fileRef = C0D91FD52D24CA1400831ACE /* ApetizerListViewModel.swift */; };
		C0D91FE82D24CA1400831ACE /* ApetizersApp.swift in Sources */ = {isa = PBXBuildFile; fileRef = C0D91FD62D24CA1400831ACE /* ApetizersApp.swift */; };
		C0D91FE92D24CA1400831ACE /* ApetizerTabView.swift in Sources */ = {isa = PBXBuildFile; fileRef = C0D91FD72D24CA1400831ACE /* ApetizerTabView.swift */; };
		C0D91FEA2D24CA1400831ACE /* Color+Ext.swift in Sources */ = {isa = PBXBuildFile; fileRef = C0D91FD92D24CA1400831ACE /* Color+Ext.swift */; };
		C0D91FEB2D24CA1400831ACE /* LoadingView.swift in Sources */ = {isa = PBXBuildFile; fileRef = C0D91FDA2D24CA1400831ACE /* LoadingView.swift */; };
		C0D91FEC2D24CA1400831ACE /* NetworkManager.swift in Sources */ = {isa = PBXBuildFile; fileRef = C0D91FDB2D24CA1400831ACE /* NetworkManager.swift */; };
		C0D91FED2D24CA1400831ACE /* OrderView.swift in Sources */ = {isa = PBXBuildFile; fileRef = C0D91FDC2D24CA1400831ACE /* OrderView.swift */; };
		C0D91FEE2D24CA1400831ACE /* RemoteImage.swift in Sources */ = {isa = PBXBuildFile; fileRef = C0D91FDD2D24CA1400831ACE /* RemoteImage.swift */; };
		C0D91FFD2D24CC4400831ACE /* DetailView.swift in Sources */ = {isa = PBXBuildFile; fileRef = C0D91FFC2D24CC4400831ACE /* DetailView.swift */; };
/* End PBXBuildFile section */

/* Begin PBXContainerItemProxy section */
		C077BB5F2D1F8C680049C96E /* PBXContainerItemProxy */ = {
			isa = PBXContainerItemProxy;
			containerPortal = C077BB462D1F8C660049C96E /* Project object */;
			proxyType = 1;
			remoteGlobalIDString = C077BB4D2D1F8C660049C96E;
			remoteInfo = Apetizers;
		};
		C077BB692D1F8C680049C96E /* PBXContainerItemProxy */ = {
			isa = PBXContainerItemProxy;
			containerPortal = C077BB462D1F8C660049C96E /* Project object */;
			proxyType = 1;
			remoteGlobalIDString = C077BB4D2D1F8C660049C96E;
			remoteInfo = Apetizers;
		};
/* End PBXContainerItemProxy section */

/* Begin PBXFileReference section */
		C04252832D261A5F00DB0BD7 /* User.swift */ = {isa = PBXFileReference; lastKnownFileType = sourcecode.swift; path = User.swift; sourceTree = "<group>"; };
		C077BB4E2D1F8C660049C96E /* Apetizers.app */ = {isa = PBXFileReference; explicitFileType = wrapper.application; includeInIndex = 0; path = Apetizers.app; sourceTree = BUILT_PRODUCTS_DIR; };
		C077BB5E2D1F8C680049C96E /* ApetizersTests.xctest */ = {isa = PBXFileReference; explicitFileType = wrapper.cfbundle; includeInIndex = 0; path = ApetizersTests.xctest; sourceTree = BUILT_PRODUCTS_DIR; };
		C077BB682D1F8C680049C96E /* ApetizersUITests.xctest */ = {isa = PBXFileReference; explicitFileType = wrapper.cfbundle; includeInIndex = 0; path = ApetizersUITests.xctest; sourceTree = BUILT_PRODUCTS_DIR; };
		C0D1DA142D25FF1600F944F0 /* APButton.swift */ = {isa = PBXFileReference; lastKnownFileType = sourcecode.swift; path = APButton.swift; sourceTree = "<group>"; };
		C0D1DA162D25FFF500F944F0 /* XDismissButton.swift */ = {isa = PBXFileReference; lastKnownFileType = sourcecode.swift; path = XDismissButton.swift; sourceTree = "<group>"; };
		C0D1DA182D260A4C00F944F0 /* AccountViewModel.swift */ = {isa = PBXFileReference; lastKnownFileType = sourcecode.swift; path = AccountViewModel.swift; sourceTree = "<group>"; };
		C0D1DA1A2D260BA900F944F0 /* String+Ext.swift */ = {isa = PBXFileReference; lastKnownFileType = sourcecode.swift; path = "String+Ext.swift"; sourceTree = "<group>"; };
		C0D91FCD2D24CA1400831ACE /* Preview Assets.xcassets */ = {isa = PBXFileReference; lastKnownFileType = folder.assetcatalog; path = "Preview Assets.xcassets"; sourceTree = "<group>"; };
		C0D91FCF2D24CA1400831ACE /* Alert.swift */ = {isa = PBXFileReference; lastKnownFileType = sourcecode.swift; path = Alert.swift; sourceTree = "<group>"; };
		C0D91FD02D24CA1400831ACE /* APError.swift */ = {isa = PBXFileReference; lastKnownFileType = sourcecode.swift; path = APError.swift; sourceTree = "<group>"; };
		C0D91FD12D24CA1400831ACE /* Apetizer.swift */ = {isa = PBXFileReference; lastKnownFileType = sourcecode.swift; path = Apetizer.swift; sourceTree = "<group>"; };
		C0D91FD22D24CA1400831ACE /* ApetizerAccountView.swift */ = {isa = PBXFileReference; lastKnownFileType = sourcecode.swift; path = ApetizerAccountView.swift; sourceTree = "<group>"; };
		C0D91FD32D24CA1400831ACE /* ApetizerListCell.swift */ = {isa = PBXFileReference; lastKnownFileType = sourcecode.swift; path = ApetizerListCell.swift; sourceTree = "<group>"; };
		C0D91FD42D24CA1400831ACE /* ApetizerListView.swift */ = {isa = PBXFileReference; lastKnownFileType = sourcecode.swift; path = ApetizerListView.swift; sourceTree = "<group>"; };
		C0D91FD52D24CA1400831ACE /* ApetizerListViewModel.swift */ = {isa = PBXFileReference; lastKnownFileType = sourcecode.swift; path = ApetizerListViewModel.swift; sourceTree = "<group>"; };
		C0D91FD62D24CA1400831ACE /* ApetizersApp.swift */ = {isa = PBXFileReference; lastKnownFileType = sourcecode.swift; path = ApetizersApp.swift; sourceTree = "<group>"; };
		C0D91FD72D24CA1400831ACE /* ApetizerTabView.swift */ = {isa = PBXFileReference; lastKnownFileType = sourcecode.swift; path = ApetizerTabView.swift; sourceTree = "<group>"; };
		C0D91FD82D24CA1400831ACE /* Assets.xcassets */ = {isa = PBXFileReference; lastKnownFileType = folder.assetcatalog; path = Assets.xcassets; sourceTree = "<group>"; };
		C0D91FD92D24CA1400831ACE /* Color+Ext.swift */ = {isa = PBXFileReference; lastKnownFileType = sourcecode.swift; path = "Color+Ext.swift"; sourceTree = "<group>"; };
		C0D91FDA2D24CA1400831ACE /* LoadingView.swift */ = {isa = PBXFileReference; lastKnownFileType = sourcecode.swift; path = LoadingView.swift; sourceTree = "<group>"; };
		C0D91FDB2D24CA1400831ACE /* NetworkManager.swift */ = {isa = PBXFileReference; lastKnownFileType = sourcecode.swift; path = NetworkManager.swift; sourceTree = "<group>"; };
		C0D91FDC2D24CA1400831ACE /* OrderView.swift */ = {isa = PBXFileReference; lastKnownFileType = sourcecode.swift; path = OrderView.swift; sourceTree = "<group>"; };
		C0D91FDD2D24CA1400831ACE /* RemoteImage.swift */ = {isa = PBXFileReference; lastKnownFileType = sourcecode.swift; path = RemoteImage.swift; sourceTree = "<group>"; };
		C0D91FFC2D24CC4400831ACE /* DetailView.swift */ = {isa = PBXFileReference; lastKnownFileType = sourcecode.swift; path = DetailView.swift; sourceTree = "<group>"; };
/* End PBXFileReference section */

/* Begin PBXFileSystemSynchronizedRootGroup section */
		C077BB612D1F8C680049C96E /* ApetizersTests */ = {
			isa = PBXFileSystemSynchronizedRootGroup;
			path = ApetizersTests;
			sourceTree = "<group>";
		};
		C077BB6B2D1F8C680049C96E /* ApetizersUITests */ = {
			isa = PBXFileSystemSynchronizedRootGroup;
			path = ApetizersUITests;
			sourceTree = "<group>";
		};
/* End PBXFileSystemSynchronizedRootGroup section */

/* Begin PBXFrameworksBuildPhase section */
		C077BB4B2D1F8C660049C96E /* Frameworks */ = {
			isa = PBXFrameworksBuildPhase;
			buildActionMask = 2147483647;
			files = (
			);
			runOnlyForDeploymentPostprocessing = 0;
		};
		C077BB5B2D1F8C680049C96E /* Frameworks */ = {
			isa = PBXFrameworksBuildPhase;
			buildActionMask = 2147483647;
			files = (
			);
			runOnlyForDeploymentPostprocessing = 0;
		};
		C077BB652D1F8C680049C96E /* Frameworks */ = {
			isa = PBXFrameworksBuildPhase;
			buildActionMask = 2147483647;
			files = (
			);
			runOnlyForDeploymentPostprocessing = 0;
		};
/* End PBXFrameworksBuildPhase section */

/* Begin PBXGroup section */
		C077BB452D1F8C660049C96E = {
			isa = PBXGroup;
			children = (
				C0D91FDE2D24CA1400831ACE /* Apetizers */,
				C077BB612D1F8C680049C96E /* ApetizersTests */,
				C077BB6B2D1F8C680049C96E /* ApetizersUITests */,
				C077BB4F2D1F8C660049C96E /* Products */,
			);
			sourceTree = "<group>";
		};
		C077BB4F2D1F8C660049C96E /* Products */ = {
			isa = PBXGroup;
			children = (
				C077BB4E2D1F8C660049C96E /* Apetizers.app */,
				C077BB5E2D1F8C680049C96E /* ApetizersTests.xctest */,
				C077BB682D1F8C680049C96E /* ApetizersUITests.xctest */,
			);
			name = Products;
			sourceTree = "<group>";
		};
		C0D1DA132D25FEFD00F944F0 /* Buttons */ = {
			isa = PBXGroup;
			children = (
				C0D1DA142D25FF1600F944F0 /* APButton.swift */,
				C0D1DA162D25FFF500F944F0 /* XDismissButton.swift */,
			);
			path = Buttons;
			sourceTree = "<group>";
		};
		C0D91FCE2D24CA1400831ACE /* Preview Content */ = {
			isa = PBXGroup;
			children = (
				C0D91FCD2D24CA1400831ACE /* Preview Assets.xcassets */,
			);
			path = "Preview Content";
			sourceTree = "<group>";
		};
		C0D91FDE2D24CA1400831ACE /* Apetizers */ = {
			isa = PBXGroup;
			children = (
				C0D91FF72D24CB2E00831ACE /* Model */,
				C0D91FF32D24CACC00831ACE /* Utilities */,
				C0D91FF82D24CB4000831ACE /* Views */,
				C0D91FEF2D24CA1E00831ACE /* Screens */,
				C0D91FCE2D24CA1400831ACE /* Preview Content */,
				C0D91FD62D24CA1400831ACE /* ApetizersApp.swift */,
				C0D91FD82D24CA1400831ACE /* Assets.xcassets */,
			);
			path = Apetizers;
			sourceTree = "<group>";
		};
		C0D91FEF2D24CA1E00831ACE /* Screens */ = {
			isa = PBXGroup;
			children = (
				C0D91FD72D24CA1400831ACE /* ApetizerTabView.swift */,
				C0D91FF02D24CA2D00831ACE /* ApetizerListView */,
				C0D91FF12D24CA3C00831ACE /* AccountView */,
				C0D91FF22D24CA4500831ACE /* OrderView */,
			);
			path = Screens;
			sourceTree = "<group>";
		};
		C0D91FF02D24CA2D00831ACE /* ApetizerListView */ = {
			isa = PBXGroup;
			children = (
				C0D91FFC2D24CC4400831ACE /* DetailView.swift */,
				C0D91FD52D24CA1400831ACE /* ApetizerListViewModel.swift */,
				C0D91FD42D24CA1400831ACE /* ApetizerListView.swift */,
			);
			path = ApetizerListView;
			sourceTree = "<group>";
		};
		C0D91FF12D24CA3C00831ACE /* AccountView */ = {
			isa = PBXGroup;
			children = (
				C0D1DA182D260A4C00F944F0 /* AccountViewModel.swift */,
				C0D91FD22D24CA1400831ACE /* ApetizerAccountView.swift */,
			);
			path = AccountView;
			sourceTree = "<group>";
		};
		C0D91FF22D24CA4500831ACE /* OrderView */ = {
			isa = PBXGroup;
			children = (
				C0D91FDC2D24CA1400831ACE /* OrderView.swift */,
			);
			path = OrderView;
			sourceTree = "<group>";
		};
		C0D91FF32D24CACC00831ACE /* Utilities */ = {
			isa = PBXGroup;
			children = (
				C0D91FF62D24CAF400831ACE /* Alerts */,
				C0D91FF52D24CADA00831ACE /* Extensions */,
				C0D91FF42D24CAD200831ACE /* Managers */,
			);
			path = Utilities;
			sourceTree = "<group>";
		};
		C0D91FF42D24CAD200831ACE /* Managers */ = {
			isa = PBXGroup;
			children = (
				C0D91FDB2D24CA1400831ACE /* NetworkManager.swift */,
			);
			path = Managers;
			sourceTree = "<group>";
		};
		C0D91FF52D24CADA00831ACE /* Extensions */ = {
			isa = PBXGroup;
			children = (
				C0D91FD92D24CA1400831ACE /* Color+Ext.swift */,
				C0D1DA1A2D260BA900F944F0 /* String+Ext.swift */,
			);
			path = Extensions;
			sourceTree = "<group>";
		};
		C0D91FF62D24CAF400831ACE /* Alerts */ = {
			isa = PBXGroup;
			children = (
				C0D91FD02D24CA1400831ACE /* APError.swift */,
				C0D91FCF2D24CA1400831ACE /* Alert.swift */,
			);
			path = Alerts;
			sourceTree = "<group>";
		};
		C0D91FF72D24CB2E00831ACE /* Model */ = {
			isa = PBXGroup;
			children = (
				C0D91FD12D24CA1400831ACE /* Apetizer.swift */,
				C04252832D261A5F00DB0BD7 /* User.swift */,
			);
			path = Model;
			sourceTree = "<group>";
		};
		C0D91FF82D24CB4000831ACE /* Views */ = {
			isa = PBXGroup;
			children = (
				C0D1DA132D25FEFD00F944F0 /* Buttons */,
				C0D91FFB2D24CB7400831ACE /* Image */,
				C0D91FFA2D24CB6D00831ACE /* Cells */,
				C0D91FF92D24CB6100831ACE /* UIKit Components */,
			);
			path = Views;
			sourceTree = "<group>";
		};
		C0D91FF92D24CB6100831ACE /* UIKit Components */ = {
			isa = PBXGroup;
			children = (
				C0D91FDA2D24CA1400831ACE /* LoadingView.swift */,
			);
			path = "UIKit Components";
			sourceTree = "<group>";
		};
		C0D91FFA2D24CB6D00831ACE /* Cells */ = {
			isa = PBXGroup;
			children = (
				C0D91FD32D24CA1400831ACE /* ApetizerListCell.swift */,
			);
			path = Cells;
			sourceTree = "<group>";
		};
		C0D91FFB2D24CB7400831ACE /* Image */ = {
			isa = PBXGroup;
			children = (
				C0D91FDD2D24CA1400831ACE /* RemoteImage.swift */,
			);
			path = Image;
			sourceTree = "<group>";
		};
/* End PBXGroup section */

/* Begin PBXNativeTarget section */
		C077BB4D2D1F8C660049C96E /* Apetizers */ = {
			isa = PBXNativeTarget;
			buildConfigurationList = C077BB722D1F8C680049C96E /* Build configuration list for PBXNativeTarget "Apetizers" */;
			buildPhases = (
				C077BB4A2D1F8C660049C96E /* Sources */,
				C077BB4B2D1F8C660049C96E /* Frameworks */,
				C077BB4C2D1F8C660049C96E /* Resources */,
			);
			buildRules = (
			);
			dependencies = (
			);
			name = Apetizers;
			packageProductDependencies = (
			);
			productName = Apetizers;
			productReference = C077BB4E2D1F8C660049C96E /* Apetizers.app */;
			productType = "com.apple.product-type.application";
		};
		C077BB5D2D1F8C680049C96E /* ApetizersTests */ = {
			isa = PBXNativeTarget;
			buildConfigurationList = C077BB752D1F8C680049C96E /* Build configuration list for PBXNativeTarget "ApetizersTests" */;
			buildPhases = (
				C077BB5A2D1F8C680049C96E /* Sources */,
				C077BB5B2D1F8C680049C96E /* Frameworks */,
				C077BB5C2D1F8C680049C96E /* Resources */,
			);
			buildRules = (
			);
			dependencies = (
				C077BB602D1F8C680049C96E /* PBXTargetDependency */,
			);
			fileSystemSynchronizedGroups = (
				C077BB612D1F8C680049C96E /* ApetizersTests */,
			);
			name = ApetizersTests;
			packageProductDependencies = (
			);
			productName = ApetizersTests;
			productReference = C077BB5E2D1F8C680049C96E /* ApetizersTests.xctest */;
			productType = "com.apple.product-type.bundle.unit-test";
		};
		C077BB672D1F8C680049C96E /* ApetizersUITests */ = {
			isa = PBXNativeTarget;
			buildConfigurationList = C077BB782D1F8C680049C96E /* Build configuration list for PBXNativeTarget "ApetizersUITests" */;
			buildPhases = (
				C077BB642D1F8C680049C96E /* Sources */,
				C077BB652D1F8C680049C96E /* Frameworks */,
				C077BB662D1F8C680049C96E /* Resources */,
			);
			buildRules = (
			);
			dependencies = (
				C077BB6A2D1F8C680049C96E /* PBXTargetDependency */,
			);
			fileSystemSynchronizedGroups = (
				C077BB6B2D1F8C680049C96E /* ApetizersUITests */,
			);
			name = ApetizersUITests;
			packageProductDependencies = (
			);
			productName = ApetizersUITests;
			productReference = C077BB682D1F8C680049C96E /* ApetizersUITests.xctest */;
			productType = "com.apple.product-type.bundle.ui-testing";
		};
/* End PBXNativeTarget section */

/* Begin PBXProject section */
		C077BB462D1F8C660049C96E /* Project object */ = {
			isa = PBXProject;
			attributes = {
				BuildIndependentTargetsInParallel = 1;
				LastSwiftUpdateCheck = 1610;
				LastUpgradeCheck = 1610;
				TargetAttributes = {
					C077BB4D2D1F8C660049C96E = {
						CreatedOnToolsVersion = 16.1;
					};
					C077BB5D2D1F8C680049C96E = {
						CreatedOnToolsVersion = 16.1;
						TestTargetID = C077BB4D2D1F8C660049C96E;
					};
					C077BB672D1F8C680049C96E = {
						CreatedOnToolsVersion = 16.1;
						TestTargetID = C077BB4D2D1F8C660049C96E;
					};
				};
			};
			buildConfigurationList = C077BB492D1F8C660049C96E /* Build configuration list for PBXProject "Apetizers" */;
			developmentRegion = en;
			hasScannedForEncodings = 0;
			knownRegions = (
				en,
				Base,
			);
			mainGroup = C077BB452D1F8C660049C96E;
			minimizedProjectReferenceProxies = 1;
			preferredProjectObjectVersion = 77;
			productRefGroup = C077BB4F2D1F8C660049C96E /* Products */;
			projectDirPath = "";
			projectRoot = "";
			targets = (
				C077BB4D2D1F8C660049C96E /* Apetizers */,
				C077BB5D2D1F8C680049C96E /* ApetizersTests */,
				C077BB672D1F8C680049C96E /* ApetizersUITests */,
			);
		};
/* End PBXProject section */

/* Begin PBXResourcesBuildPhase section */
		C077BB4C2D1F8C660049C96E /* Resources */ = {
			isa = PBXResourcesBuildPhase;
			buildActionMask = 2147483647;
			files = (
				C0D91FDF2D24CA1400831ACE /* Preview Assets.xcassets in Resources */,
				C0D91FE02D24CA1400831ACE /* Assets.xcassets in Resources */,
			);
			runOnlyForDeploymentPostprocessing = 0;
		};
		C077BB5C2D1F8C680049C96E /* Resources */ = {
			isa = PBXResourcesBuildPhase;
			buildActionMask = 2147483647;
			files = (
			);
			runOnlyForDeploymentPostprocessing = 0;
		};
		C077BB662D1F8C680049C96E /* Resources */ = {
			isa = PBXResourcesBuildPhase;
			buildActionMask = 2147483647;
			files = (
			);
			runOnlyForDeploymentPostprocessing = 0;
		};
/* End PBXResourcesBuildPhase section */

/* Begin PBXSourcesBuildPhase section */
		C077BB4A2D1F8C660049C96E /* Sources */ = {
			isa = PBXSourcesBuildPhase;
			buildActionMask = 2147483647;
			files = (
				C0D91FE12D24CA1400831ACE /* Alert.swift in Sources */,
				C0D91FE22D24CA1400831ACE /* APError.swift in Sources */,
				C0D1DA172D25FFF500F944F0 /* XDismissButton.swift in Sources */,
				C0D91FE32D24CA1400831ACE /* Apetizer.swift in Sources */,
				C0D1DA192D260A4C00F944F0 /* AccountViewModel.swift in Sources */,
				C0D91FE42D24CA1400831ACE /* ApetizerAccountView.swift in Sources */,
				C0D91FE52D24CA1400831ACE /* ApetizerListCell.swift in Sources */,
				C0D91FE62D24CA1400831ACE /* ApetizerListView.swift in Sources */,
				C04252842D261A5F00DB0BD7 /* User.swift in Sources */,
				C0D1DA152D25FF1600F944F0 /* APButton.swift in Sources */,
				C0D91FE72D24CA1400831ACE /* ApetizerListViewModel.swift in Sources */,
				C0D91FE82D24CA1400831ACE /* ApetizersApp.swift in Sources */,
				C0D91FE92D24CA1400831ACE /* ApetizerTabView.swift in Sources */,
				C0D91FEA2D24CA1400831ACE /* Color+Ext.swift in Sources */,
				C0D1DA1B2D260BA900F944F0 /* String+Ext.swift in Sources */,
				C0D91FEB2D24CA1400831ACE /* LoadingView.swift in Sources */,
				C0D91FEC2D24CA1400831ACE /* NetworkManager.swift in Sources */,
				C0D91FED2D24CA1400831ACE /* OrderView.swift in Sources */,
				C0D91FFD2D24CC4400831ACE /* DetailView.swift in Sources */,
				C0D91FEE2D24CA1400831ACE /* RemoteImage.swift in Sources */,
			);
			runOnlyForDeploymentPostprocessing = 0;
		};
		C077BB5A2D1F8C680049C96E /* Sources */ = {
			isa = PBXSourcesBuildPhase;
			buildActionMask = 2147483647;
			files = (
			);
			runOnlyForDeploymentPostprocessing = 0;
		};
		C077BB642D1F8C680049C96E /* Sources */ = {
			isa = PBXSourcesBuildPhase;
			buildActionMask = 2147483647;
			files = (
			);
			runOnlyForDeploymentPostprocessing = 0;
		};
/* End PBXSourcesBuildPhase section */

/* Begin PBXTargetDependency section */
		C077BB602D1F8C680049C96E /* PBXTargetDependency */ = {
			isa = PBXTargetDependency;
			target = C077BB4D2D1F8C660049C96E /* Apetizers */;
			targetProxy = C077BB5F2D1F8C680049C96E /* PBXContainerItemProxy */;
		};
		C077BB6A2D1F8C680049C96E /* PBXTargetDependency */ = {
			isa = PBXTargetDependency;
			target = C077BB4D2D1F8C660049C96E /* Apetizers */;
			targetProxy = C077BB692D1F8C680049C96E /* PBXContainerItemProxy */;
		};
/* End PBXTargetDependency section */

/* Begin XCBuildConfiguration section */
		C077BB702D1F8C680049C96E /* Debug */ = {
			isa = XCBuildConfiguration;
			buildSettings = {
				ALWAYS_SEARCH_USER_PATHS = NO;
				ASSETCATALOG_COMPILER_GENERATE_SWIFT_ASSET_SYMBOL_EXTENSIONS = YES;
				CLANG_ANALYZER_NONNULL = YES;
				CLANG_ANALYZER_NUMBER_OBJECT_CONVERSION = YES_AGGRESSIVE;
				CLANG_CXX_LANGUAGE_STANDARD = "gnu++20";
				CLANG_ENABLE_MODULES = YES;
				CLANG_ENABLE_OBJC_ARC = YES;
				CLANG_ENABLE_OBJC_WEAK = YES;
				CLANG_WARN_BLOCK_CAPTURE_AUTORELEASING = YES;
				CLANG_WARN_BOOL_CONVERSION = YES;
				CLANG_WARN_COMMA = YES;
				CLANG_WARN_CONSTANT_CONVERSION = YES;
				CLANG_WARN_DEPRECATED_OBJC_IMPLEMENTATIONS = YES;
				CLANG_WARN_DIRECT_OBJC_ISA_USAGE = YES_ERROR;
				CLANG_WARN_DOCUMENTATION_COMMENTS = YES;
				CLANG_WARN_EMPTY_BODY = YES;
				CLANG_WARN_ENUM_CONVERSION = YES;
				CLANG_WARN_INFINITE_RECURSION = YES;
				CLANG_WARN_INT_CONVERSION = YES;
				CLANG_WARN_NON_LITERAL_NULL_CONVERSION = YES;
				CLANG_WARN_OBJC_IMPLICIT_RETAIN_SELF = YES;
				CLANG_WARN_OBJC_LITERAL_CONVERSION = YES;
				CLANG_WARN_OBJC_ROOT_CLASS = YES_ERROR;
				CLANG_WARN_QUOTED_INCLUDE_IN_FRAMEWORK_HEADER = YES;
				CLANG_WARN_RANGE_LOOP_ANALYSIS = YES;
				CLANG_WARN_STRICT_PROTOTYPES = YES;
				CLANG_WARN_SUSPICIOUS_MOVE = YES;
				CLANG_WARN_UNGUARDED_AVAILABILITY = YES_AGGRESSIVE;
				CLANG_WARN_UNREACHABLE_CODE = YES;
				CLANG_WARN__DUPLICATE_METHOD_MATCH = YES;
				COPY_PHASE_STRIP = NO;
				DEBUG_INFORMATION_FORMAT = dwarf;
				ENABLE_STRICT_OBJC_MSGSEND = YES;
				ENABLE_TESTABILITY = YES;
				ENABLE_USER_SCRIPT_SANDBOXING = YES;
				GCC_C_LANGUAGE_STANDARD = gnu17;
				GCC_DYNAMIC_NO_PIC = NO;
				GCC_NO_COMMON_BLOCKS = YES;
				GCC_OPTIMIZATION_LEVEL = 0;
				GCC_PREPROCESSOR_DEFINITIONS = (
					"DEBUG=1",
					"$(inherited)",
				);
				GCC_WARN_64_TO_32_BIT_CONVERSION = YES;
				GCC_WARN_ABOUT_RETURN_TYPE = YES_ERROR;
				GCC_WARN_UNDECLARED_SELECTOR = YES;
				GCC_WARN_UNINITIALIZED_AUTOS = YES_AGGRESSIVE;
				GCC_WARN_UNUSED_FUNCTION = YES;
				GCC_WARN_UNUSED_VARIABLE = YES;
				IPHONEOS_DEPLOYMENT_TARGET = 18.1;
				LOCALIZATION_PREFERS_STRING_CATALOGS = YES;
				MTL_ENABLE_DEBUG_INFO = INCLUDE_SOURCE;
				MTL_FAST_MATH = YES;
				ONLY_ACTIVE_ARCH = YES;
				SDKROOT = iphoneos;
				SWIFT_ACTIVE_COMPILATION_CONDITIONS = "DEBUG $(inherited)";
				SWIFT_OPTIMIZATION_LEVEL = "-Onone";
			};
			name = Debug;
		};
		C077BB712D1F8C680049C96E /* Release */ = {
			isa = XCBuildConfiguration;
			buildSettings = {
				ALWAYS_SEARCH_USER_PATHS = NO;
				ASSETCATALOG_COMPILER_GENERATE_SWIFT_ASSET_SYMBOL_EXTENSIONS = YES;
				CLANG_ANALYZER_NONNULL = YES;
				CLANG_ANALYZER_NUMBER_OBJECT_CONVERSION = YES_AGGRESSIVE;
				CLANG_CXX_LANGUAGE_STANDARD = "gnu++20";
				CLANG_ENABLE_MODULES = YES;
				CLANG_ENABLE_OBJC_ARC = YES;
				CLANG_ENABLE_OBJC_WEAK = YES;
				CLANG_WARN_BLOCK_CAPTURE_AUTORELEASING = YES;
				CLANG_WARN_BOOL_CONVERSION = YES;
				CLANG_WARN_COMMA = YES;
				CLANG_WARN_CONSTANT_CONVERSION = YES;
				CLANG_WARN_DEPRECATED_OBJC_IMPLEMENTATIONS = YES;
				CLANG_WARN_DIRECT_OBJC_ISA_USAGE = YES_ERROR;
				CLANG_WARN_DOCUMENTATION_COMMENTS = YES;
				CLANG_WARN_EMPTY_BODY = YES;
				CLANG_WARN_ENUM_CONVERSION = YES;
				CLANG_WARN_INFINITE_RECURSION = YES;
				CLANG_WARN_INT_CONVERSION = YES;
				CLANG_WARN_NON_LITERAL_NULL_CONVERSION = YES;
				CLANG_WARN_OBJC_IMPLICIT_RETAIN_SELF = YES;
				CLANG_WARN_OBJC_LITERAL_CONVERSION = YES;
				CLANG_WARN_OBJC_ROOT_CLASS = YES_ERROR;
				CLANG_WARN_QUOTED_INCLUDE_IN_FRAMEWORK_HEADER = YES;
				CLANG_WARN_RANGE_LOOP_ANALYSIS = YES;
				CLANG_WARN_STRICT_PROTOTYPES = YES;
				CLANG_WARN_SUSPICIOUS_MOVE = YES;
				CLANG_WARN_UNGUARDED_AVAILABILITY = YES_AGGRESSIVE;
				CLANG_WARN_UNREACHABLE_CODE = YES;
				CLANG_WARN__DUPLICATE_METHOD_MATCH = YES;
				COPY_PHASE_STRIP = NO;
				DEBUG_INFORMATION_FORMAT = "dwarf-with-dsym";
				ENABLE_NS_ASSERTIONS = NO;
				ENABLE_STRICT_OBJC_MSGSEND = YES;
				ENABLE_USER_SCRIPT_SANDBOXING = YES;
				GCC_C_LANGUAGE_STANDARD = gnu17;
				GCC_NO_COMMON_BLOCKS = YES;
				GCC_WARN_64_TO_32_BIT_CONVERSION = YES;
				GCC_WARN_ABOUT_RETURN_TYPE = YES_ERROR;
				GCC_WARN_UNDECLARED_SELECTOR = YES;
				GCC_WARN_UNINITIALIZED_AUTOS = YES_AGGRESSIVE;
				GCC_WARN_UNUSED_FUNCTION = YES;
				GCC_WARN_UNUSED_VARIABLE = YES;
				IPHONEOS_DEPLOYMENT_TARGET = 18.1;
				LOCALIZATION_PREFERS_STRING_CATALOGS = YES;
				MTL_ENABLE_DEBUG_INFO = NO;
				MTL_FAST_MATH = YES;
				SDKROOT = iphoneos;
				SWIFT_COMPILATION_MODE = wholemodule;
				VALIDATE_PRODUCT = YES;
			};
			name = Release;
		};
		C077BB732D1F8C680049C96E /* Debug */ = {
			isa = XCBuildConfiguration;
			buildSettings = {
				ASSETCATALOG_COMPILER_APPICON_NAME = AppIcon;
				ASSETCATALOG_COMPILER_GLOBAL_ACCENT_COLOR_NAME = AccentColor;
				CODE_SIGN_STYLE = Automatic;
				CURRENT_PROJECT_VERSION = 1;
				DEVELOPMENT_ASSET_PATHS = "\"Apetizers/Preview Content\"";
				DEVELOPMENT_TEAM = 96Q23PA7TC;
				ENABLE_PREVIEWS = YES;
				GENERATE_INFOPLIST_FILE = YES;
				INFOPLIST_KEY_UIApplicationSceneManifest_Generation = YES;
				INFOPLIST_KEY_UIApplicationSupportsIndirectInputEvents = YES;
				INFOPLIST_KEY_UILaunchScreen_Generation = YES;
				INFOPLIST_KEY_UISupportedInterfaceOrientations_iPad = "UIInterfaceOrientationPortrait UIInterfaceOrientationPortraitUpsideDown UIInterfaceOrientationLandscapeLeft UIInterfaceOrientationLandscapeRight";
				INFOPLIST_KEY_UISupportedInterfaceOrientations_iPhone = "UIInterfaceOrientationPortrait UIInterfaceOrientationLandscapeLeft UIInterfaceOrientationLandscapeRight";
				LD_RUNPATH_SEARCH_PATHS = (
					"$(inherited)",
					"@executable_path/Frameworks",
				);
				MARKETING_VERSION = 1.0;
				PRODUCT_BUNDLE_IDENTIFIER = "Curi-learning.Apetizers";
				PRODUCT_NAME = "$(TARGET_NAME)";
				SWIFT_EMIT_LOC_STRINGS = YES;
				SWIFT_VERSION = 5.0;
				TARGETED_DEVICE_FAMILY = "1,2";
			};
			name = Debug;
		};
		C077BB742D1F8C680049C96E /* Release */ = {
			isa = XCBuildConfiguration;
			buildSettings = {
				ASSETCATALOG_COMPILER_APPICON_NAME = AppIcon;
				ASSETCATALOG_COMPILER_GLOBAL_ACCENT_COLOR_NAME = AccentColor;
				CODE_SIGN_STYLE = Automatic;
				CURRENT_PROJECT_VERSION = 1;
				DEVELOPMENT_ASSET_PATHS = "\"Apetizers/Preview Content\"";
				DEVELOPMENT_TEAM = 96Q23PA7TC;
				ENABLE_PREVIEWS = YES;
				GENERATE_INFOPLIST_FILE = YES;
				INFOPLIST_KEY_UIApplicationSceneManifest_Generation = YES;
				INFOPLIST_KEY_UIApplicationSupportsIndirectInputEvents = YES;
				INFOPLIST_KEY_UILaunchScreen_Generation = YES;
				INFOPLIST_KEY_UISupportedInterfaceOrientations_iPad = "UIInterfaceOrientationPortrait UIInterfaceOrientationPortraitUpsideDown UIInterfaceOrientationLandscapeLeft UIInterfaceOrientationLandscapeRight";
				INFOPLIST_KEY_UISupportedInterfaceOrientations_iPhone = "UIInterfaceOrientationPortrait UIInterfaceOrientationLandscapeLeft UIInterfaceOrientationLandscapeRight";
				LD_RUNPATH_SEARCH_PATHS = (
					"$(inherited)",
					"@executable_path/Frameworks",
				);
				MARKETING_VERSION = 1.0;
				PRODUCT_BUNDLE_IDENTIFIER = "Curi-learning.Apetizers";
				PRODUCT_NAME = "$(TARGET_NAME)";
				SWIFT_EMIT_LOC_STRINGS = YES;
				SWIFT_VERSION = 5.0;
				TARGETED_DEVICE_FAMILY = "1,2";
			};
			name = Release;
		};
		C077BB762D1F8C680049C96E /* Debug */ = {
			isa = XCBuildConfiguration;
			buildSettings = {
				BUNDLE_LOADER = "$(TEST_HOST)";
				CODE_SIGN_STYLE = Automatic;
				CURRENT_PROJECT_VERSION = 1;
				DEVELOPMENT_TEAM = 96Q23PA7TC;
				GENERATE_INFOPLIST_FILE = YES;
				IPHONEOS_DEPLOYMENT_TARGET = 18.1;
				MARKETING_VERSION = 1.0;
				PRODUCT_BUNDLE_IDENTIFIER = "Curi-learning.ApetizersTests";
				PRODUCT_NAME = "$(TARGET_NAME)";
				SWIFT_EMIT_LOC_STRINGS = NO;
				SWIFT_VERSION = 5.0;
				TARGETED_DEVICE_FAMILY = "1,2";
				TEST_HOST = "$(BUILT_PRODUCTS_DIR)/Apetizers.app/$(BUNDLE_EXECUTABLE_FOLDER_PATH)/Apetizers";
			};
			name = Debug;
		};
		C077BB772D1F8C680049C96E /* Release */ = {
			isa = XCBuildConfiguration;
			buildSettings = {
				BUNDLE_LOADER = "$(TEST_HOST)";
				CODE_SIGN_STYLE = Automatic;
				CURRENT_PROJECT_VERSION = 1;
				DEVELOPMENT_TEAM = 96Q23PA7TC;
				GENERATE_INFOPLIST_FILE = YES;
				IPHONEOS_DEPLOYMENT_TARGET = 18.1;
				MARKETING_VERSION = 1.0;
				PRODUCT_BUNDLE_IDENTIFIER = "Curi-learning.ApetizersTests";
				PRODUCT_NAME = "$(TARGET_NAME)";
				SWIFT_EMIT_LOC_STRINGS = NO;
				SWIFT_VERSION = 5.0;
				TARGETED_DEVICE_FAMILY = "1,2";
				TEST_HOST = "$(BUILT_PRODUCTS_DIR)/Apetizers.app/$(BUNDLE_EXECUTABLE_FOLDER_PATH)/Apetizers";
			};
			name = Release;
		};
		C077BB792D1F8C680049C96E /* Debug */ = {
			isa = XCBuildConfiguration;
			buildSettings = {
				CODE_SIGN_STYLE = Automatic;
				CURRENT_PROJECT_VERSION = 1;
				DEVELOPMENT_TEAM = 96Q23PA7TC;
				GENERATE_INFOPLIST_FILE = YES;
				MARKETING_VERSION = 1.0;
				PRODUCT_BUNDLE_IDENTIFIER = "Curi-learning.ApetizersUITests";
				PRODUCT_NAME = "$(TARGET_NAME)";
				SWIFT_EMIT_LOC_STRINGS = NO;
				SWIFT_VERSION = 5.0;
				TARGETED_DEVICE_FAMILY = "1,2";
				TEST_TARGET_NAME = Apetizers;
			};
			name = Debug;
		};
		C077BB7A2D1F8C680049C96E /* Release */ = {
			isa = XCBuildConfiguration;
			buildSettings = {
				CODE_SIGN_STYLE = Automatic;
				CURRENT_PROJECT_VERSION = 1;
				DEVELOPMENT_TEAM = 96Q23PA7TC;
				GENERATE_INFOPLIST_FILE = YES;
				MARKETING_VERSION = 1.0;
				PRODUCT_BUNDLE_IDENTIFIER = "Curi-learning.ApetizersUITests";
				PRODUCT_NAME = "$(TARGET_NAME)";
				SWIFT_EMIT_LOC_STRINGS = NO;
				SWIFT_VERSION = 5.0;
				TARGETED_DEVICE_FAMILY = "1,2";
				TEST_TARGET_NAME = Apetizers;
			};
			name = Release;
		};
/* End XCBuildConfiguration section */

/* Begin XCConfigurationList section */
		C077BB492D1F8C660049C96E /* Build configuration list for PBXProject "Apetizers" */ = {
			isa = XCConfigurationList;
			buildConfigurations = (
				C077BB702D1F8C680049C96E /* Debug */,
				C077BB712D1F8C680049C96E /* Release */,
			);
			defaultConfigurationIsVisible = 0;
			defaultConfigurationName = Release;
		};
		C077BB722D1F8C680049C96E /* Build configuration list for PBXNativeTarget "Apetizers" */ = {
			isa = XCConfigurationList;
			buildConfigurations = (
				C077BB732D1F8C680049C96E /* Debug */,
				C077BB742D1F8C680049C96E /* Release */,
			);
			defaultConfigurationIsVisible = 0;
			defaultConfigurationName = Release;
		};
		C077BB752D1F8C680049C96E /* Build configuration list for PBXNativeTarget "ApetizersTests" */ = {
			isa = XCConfigurationList;
			buildConfigurations = (
				C077BB762D1F8C680049C96E /* Debug */,
				C077BB772D1F8C680049C96E /* Release */,
			);
			defaultConfigurationIsVisible = 0;
			defaultConfigurationName = Release;
		};
		C077BB782D1F8C680049C96E /* Build configuration list for PBXNativeTarget "ApetizersUITests" */ = {
			isa = XCConfigurationList;
			buildConfigurations = (
				C077BB792D1F8C680049C96E /* Debug */,
				C077BB7A2D1F8C680049C96E /* Release */,
			);
			defaultConfigurationIsVisible = 0;
			defaultConfigurationName = Release;
		};
/* End XCConfigurationList section */
	};
	rootObject = C077BB462D1F8C660049C96E /* Project object */;
}
